
Microsoft Visual Studio Solution File, Format Version 12.00
# Visual Studio 15
Project("{FAE04EC0-301F-11D3-BF4B-00C04F79EFBC}") = "Assembly-CSharp", "Assembly-CSharp.csproj", "{B13AF711-B66D-B929-7CFC-C0EBC77439CD}"
EndProject
Project("{FAE04EC0-301F-11D3-BF4B-00C04F79EFBC}") = "Assembly-CSharp-firstpass", "Assembly-CSharp-firstpass.csproj", "{B563306D-32ED-CE71-1154-02D076C7D91D}"
EndProject
Project("{FAE04EC0-301F-11D3-BF4B-00C04F79EFBC}") = "NavMeshComponents", "NavMeshComponents.csproj", "{1F23F046-AF4A-96ED-9236-AC2C1F8A9901}"
EndProject
Project("{FAE04EC0-301F-11D3-BF4B-00C04F79EFBC}") = "Assembly-CSharp-Editor", "Assembly-CSharp-Editor.csproj", "{ECC101D7-EB62-C51F-AE80-EC374B80FDF2}"
EndProject
Project("{FAE04EC0-301F-11D3-BF4B-00C04F79EFBC}") = "NavMeshComponentsEditor", "NavMeshComponentsEditor.csproj", "{835FFE43-8E3E-3851-B409-255B85F4CFFF}"
EndProject
Global
	GlobalSection(SolutionConfigurationPlatforms) = preSolution
		Debug|Any CPU = Debug|Any CPU
		Release|Any CPU = Release|Any CPU
	EndGlobalSection
	GlobalSection(ProjectConfigurationPlatforms) = postSolution
		{B13AF711-B66D-B929-7CFC-C0EBC77439CD}.Debug|Any CPU.ActiveCfg = Debug|Any CPU
		{B13AF711-B66D-B929-7CFC-C0EBC77439CD}.Debug|Any CPU.Build.0 = Debug|Any CPU
		{B13AF711-B66D-B929-7CFC-C0EBC77439CD}.Release|Any CPU.ActiveCfg = Release|Any CPU
		{B13AF711-B66D-B929-7CFC-C0EBC77439CD}.Release|Any CPU.Build.0 = Release|Any CPU
		{B563306D-32ED-CE71-1154-02D076C7D91D}.Debug|Any CPU.ActiveCfg = Debug|Any CPU
		{B563306D-32ED-CE71-1154-02D076C7D91D}.Debug|Any CPU.Build.0 = Debug|Any CPU
		{B563306D-32ED-CE71-1154-02D076C7D91D}.Release|Any CPU.ActiveCfg = Release|Any CPU
		{B563306D-32ED-CE71-1154-02D076C7D91D}.Release|Any CPU.Build.0 = Release|Any CPU
		{1F23F046-AF4A-96ED-9236-AC2C1F8A9901}.Debug|Any CPU.ActiveCfg = Debug|Any CPU
		{1F23F046-AF4A-96ED-9236-AC2C1F8A9901}.Debug|Any CPU.Build.0 = Debug|Any CPU
		{1F23F046-AF4A-96ED-9236-AC2C1F8A9901}.Release|Any CPU.ActiveCfg = Release|Any CPU
		{1F23F046-AF4A-96ED-9236-AC2C1F8A9901}.Release|Any CPU.Build.0 = Release|Any CPU
		{ECC101D7-EB62-C51F-AE80-EC374B80FDF2}.Debug|Any CPU.ActiveCfg = Debug|Any CPU
		{ECC101D7-EB62-C51F-AE80-EC374B80FDF2}.Debug|Any CPU.Build.0 = Debug|Any CPU
		{ECC101D7-EB62-C51F-AE80-EC374B80FDF2}.Release|Any CPU.ActiveCfg = Release|Any CPU
		{ECC101D7-EB62-C51F-AE80-EC374B80FDF2}.Release|Any CPU.Build.0 = Release|Any CPU
		{835FFE43-8E3E-3851-B409-255B85F4CFFF}.Debug|Any CPU.ActiveCfg = Debug|Any CPU
		{835FFE43-8E3E-3851-B409-255B85F4CFFF}.Debug|Any CPU.Build.0 = Debug|Any CPU
		{835FFE43-8E3E-3851-B409-255B85F4CFFF}.Release|Any CPU.ActiveCfg = Release|Any CPU
		{835FFE43-8E3E-3851-B409-255B85F4CFFF}.Release|Any CPU.Build.0 = Release|Any CPU
	EndGlobalSection
	GlobalSection(SolutionProperties) = preSolution
		HideSolutionNode = FALSE
	EndGlobalSection
EndGlobal
